
Microsoft Visual Studio Solution File, Format Version 12.00
# Visual Studio Version 17
VisualStudioVersion = 17.3.32922.545
MinimumVisualStudioVersion = 10.0.40219.1
Project("{FAE04EC0-301F-11D3-BF4B-00C04F79EFBC}") = "SharedProject", "SharedProject\SharedProject.csproj", "{82BFA0EE-4399-411B-B93A-5A7B200F19E5}"
EndProject
Global
	GlobalSection(SolutionConfigurationPlatforms) = preSolution
		Debug|Any CPU = Debug|Any CPU
		Release|Any CPU = Release|Any CPU
	EndGlobalSection
	GlobalSection(ProjectConfigurationPlatforms) = postSolution
		{82BFA0EE-4399-411B-B93A-5A7B200F19E5}.Debug|Any CPU.ActiveCfg = Debug|Any CPU
		{82BFA0EE-4399-411B-B93A-5A7B200F19E5}.Debug|Any CPU.Build.0 = Debug|Any CPU
		{82BFA0EE-4399-411B-B93A-5A7B200F19E5}.Release|Any CPU.ActiveCfg = Release|Any CPU
		{82BFA0EE-4399-411B-B93A-5A7B200F19E5}.Release|Any CPU.Build.0 = Release|Any CPU
	EndGlobalSection
	GlobalSection(SolutionProperties) = preSolution
		HideSolutionNode = FALSE
	EndGlobalSection
	GlobalSection(ExtensibilityGlobals) = postSolution
		SolutionGuid = {6B7B23E0-EA27-4B1C-BBBF-1A02F358D124}
	EndGlobalSection
EndGlobal
